
Microsoft Visual Studio Solution File, Format Version 12.00
# Visual Studio Version 16
VisualStudioVersion = 16.0.30804.86
MinimumVisualStudioVersion = 10.0.40219.1
Project("{2150E333-8FDC-42A3-9474-1A3956D46DE8}") = "WebAPI", "WebAPI", "{65FC34EE-B79C-44AE-89F5-151558695057}"
EndProject
Project("{9A19103F-16F7-4668-BE54-9A1E7A4F7556}") = "TranslateSystemAPI", "WebAPI\TranslateSystemAPI\TranslateSystemAPI.csproj", "{DAA0D5C1-E65D-41DC-8E27-E1C134E7B9BD}"
EndProject
Project("{9A19103F-16F7-4668-BE54-9A1E7A4F7556}") = "TranslateSystem.Persistence", "WebAPI\TranslateSystem.Persistence\TranslateSystem.Persistence.csproj", "{28B9CF6A-6601-4069-8C31-8671B91ACC7B}"
EndProject
Project("{9A19103F-16F7-4668-BE54-9A1E7A4F7556}") = "TranslateSystem.Persistence.Postgre", "WebAPI\TranslateSystem.Persistence.Postgres\TranslateSystem.Persistence.Postgre.csproj", "{ADABFA8F-0391-4220-A4F4-9FF7E500744C}"
EndProject
Project("{9A19103F-16F7-4668-BE54-9A1E7A4F7556}") = "TranslateSystem.Data", "WebAPI\TranslateSystem.Data\TranslateSystem.Data.csproj", "{02712ABF-DD60-4BAF-BEEA-816F6BB96FAA}"
EndProject
Global
	GlobalSection(SolutionConfigurationPlatforms) = preSolution
		Debug|Any CPU = Debug|Any CPU
		Release|Any CPU = Release|Any CPU
	EndGlobalSection
	GlobalSection(ProjectConfigurationPlatforms) = postSolution
		{DAA0D5C1-E65D-41DC-8E27-E1C134E7B9BD}.Debug|Any CPU.ActiveCfg = Debug|Any CPU
		{DAA0D5C1-E65D-41DC-8E27-E1C134E7B9BD}.Debug|Any CPU.Build.0 = Debug|Any CPU
		{DAA0D5C1-E65D-41DC-8E27-E1C134E7B9BD}.Release|Any CPU.ActiveCfg = Release|Any CPU
		{DAA0D5C1-E65D-41DC-8E27-E1C134E7B9BD}.Release|Any CPU.Build.0 = Release|Any CPU
		{28B9CF6A-6601-4069-8C31-8671B91ACC7B}.Debug|Any CPU.ActiveCfg = Debug|Any CPU
		{28B9CF6A-6601-4069-8C31-8671B91ACC7B}.Debug|Any CPU.Build.0 = Debug|Any CPU
		{28B9CF6A-6601-4069-8C31-8671B91ACC7B}.Release|Any CPU.ActiveCfg = Release|Any CPU
		{28B9CF6A-6601-4069-8C31-8671B91ACC7B}.Release|Any CPU.Build.0 = Release|Any CPU
		{ADABFA8F-0391-4220-A4F4-9FF7E500744C}.Debug|Any CPU.ActiveCfg = Debug|Any CPU
		{ADABFA8F-0391-4220-A4F4-9FF7E500744C}.Debug|Any CPU.Build.0 = Debug|Any CPU
		{ADABFA8F-0391-4220-A4F4-9FF7E500744C}.Release|Any CPU.ActiveCfg = Release|Any CPU
		{ADABFA8F-0391-4220-A4F4-9FF7E500744C}.Release|Any CPU.Build.0 = Release|Any CPU
		{02712ABF-DD60-4BAF-BEEA-816F6BB96FAA}.Debug|Any CPU.ActiveCfg = Debug|Any CPU
		{02712ABF-DD60-4BAF-BEEA-816F6BB96FAA}.Debug|Any CPU.Build.0 = Debug|Any CPU
		{02712ABF-DD60-4BAF-BEEA-816F6BB96FAA}.Release|Any CPU.ActiveCfg = Release|Any CPU
		{02712ABF-DD60-4BAF-BEEA-816F6BB96FAA}.Release|Any CPU.Build.0 = Release|Any CPU
	EndGlobalSection
	GlobalSection(SolutionProperties) = preSolution
		HideSolutionNode = FALSE
	EndGlobalSection
	GlobalSection(NestedProjects) = preSolution
		{DAA0D5C1-E65D-41DC-8E27-E1C134E7B9BD} = {65FC34EE-B79C-44AE-89F5-151558695057}
		{28B9CF6A-6601-4069-8C31-8671B91ACC7B} = {65FC34EE-B79C-44AE-89F5-151558695057}
		{ADABFA8F-0391-4220-A4F4-9FF7E500744C} = {65FC34EE-B79C-44AE-89F5-151558695057}
		{02712ABF-DD60-4BAF-BEEA-816F6BB96FAA} = {65FC34EE-B79C-44AE-89F5-151558695057}
	EndGlobalSection
	GlobalSection(ExtensibilityGlobals) = postSolution
		SolutionGuid = {ED710FB2-493C-4743-9C21-F6C054E08867}
	EndGlobalSection
EndGlobal
