
Microsoft Visual Studio Solution File, Format Version 12.00
# Visual Studio Version 16
VisualStudioVersion = 16.0.30804.86
MinimumVisualStudioVersion = 10.0.40219.1
Project("{2150E333-8FDC-42A3-9474-1A3956D46DE8}") = "WebAPI", "WebAPI", "{65FC34EE-B79C-44AE-89F5-151558695057}"
EndProject
Project("{9A19103F-16F7-4668-BE54-9A1E7A4F7556}") = "TranslateSystemAPI", "WebAPI\TranslateSystemAPI\TranslateSystemAPI.csproj", "{DAA0D5C1-E65D-41DC-8E27-E1C134E7B9BD}"
EndProject
Project("{9A19103F-16F7-4668-BE54-9A1E7A4F7556}") = "TranslateSystem.Data", "TranslateSystem.Data\TranslateSystem.Data.csproj", "{50274AAD-92FB-43E4-B80A-9C063DAB7709}"
EndProject
Project("{9A19103F-16F7-4668-BE54-9A1E7A4F7556}") = "TranslateSystem.Persistence", "WebAPI\TranslateSystem.Persistence\TranslateSystem.Persistence.csproj", "{28B9CF6A-6601-4069-8C31-8671B91ACC7B}"
EndProject
Project("{FAE04EC0-301F-11D3-BF4B-00C04F79EFBC}") = "TranslateSystem.Persistence.Postgre", "TranslateSystem.Persistence.Postgres\TranslateSystem.Persistence.Postgre.csproj", "{2FFFDC9A-32F2-4A64-A98D-9106E2432FA3}"
EndProject
Global
	GlobalSection(SolutionConfigurationPlatforms) = preSolution
		Debug|Any CPU = Debug|Any CPU
		Release|Any CPU = Release|Any CPU
	EndGlobalSection
	GlobalSection(ProjectConfigurationPlatforms) = postSolution
		{DAA0D5C1-E65D-41DC-8E27-E1C134E7B9BD}.Debug|Any CPU.ActiveCfg = Debug|Any CPU
		{DAA0D5C1-E65D-41DC-8E27-E1C134E7B9BD}.Debug|Any CPU.Build.0 = Debug|Any CPU
		{DAA0D5C1-E65D-41DC-8E27-E1C134E7B9BD}.Release|Any CPU.ActiveCfg = Release|Any CPU
		{DAA0D5C1-E65D-41DC-8E27-E1C134E7B9BD}.Release|Any CPU.Build.0 = Release|Any CPU
		{50274AAD-92FB-43E4-B80A-9C063DAB7709}.Debug|Any CPU.ActiveCfg = Debug|Any CPU
		{50274AAD-92FB-43E4-B80A-9C063DAB7709}.Debug|Any CPU.Build.0 = Debug|Any CPU
		{50274AAD-92FB-43E4-B80A-9C063DAB7709}.Release|Any CPU.ActiveCfg = Release|Any CPU
		{50274AAD-92FB-43E4-B80A-9C063DAB7709}.Release|Any CPU.Build.0 = Release|Any CPU
		{28B9CF6A-6601-4069-8C31-8671B91ACC7B}.Debug|Any CPU.ActiveCfg = Debug|Any CPU
		{28B9CF6A-6601-4069-8C31-8671B91ACC7B}.Debug|Any CPU.Build.0 = Debug|Any CPU
		{28B9CF6A-6601-4069-8C31-8671B91ACC7B}.Release|Any CPU.ActiveCfg = Release|Any CPU
		{28B9CF6A-6601-4069-8C31-8671B91ACC7B}.Release|Any CPU.Build.0 = Release|Any CPU
		{2FFFDC9A-32F2-4A64-A98D-9106E2432FA3}.Debug|Any CPU.ActiveCfg = Debug|Any CPU
		{2FFFDC9A-32F2-4A64-A98D-9106E2432FA3}.Debug|Any CPU.Build.0 = Debug|Any CPU
		{2FFFDC9A-32F2-4A64-A98D-9106E2432FA3}.Release|Any CPU.ActiveCfg = Release|Any CPU
		{2FFFDC9A-32F2-4A64-A98D-9106E2432FA3}.Release|Any CPU.Build.0 = Release|Any CPU
	EndGlobalSection
	GlobalSection(SolutionProperties) = preSolution
		HideSolutionNode = FALSE
	EndGlobalSection
	GlobalSection(NestedProjects) = preSolution
		{DAA0D5C1-E65D-41DC-8E27-E1C134E7B9BD} = {65FC34EE-B79C-44AE-89F5-151558695057}
		{50274AAD-92FB-43E4-B80A-9C063DAB7709} = {65FC34EE-B79C-44AE-89F5-151558695057}
		{28B9CF6A-6601-4069-8C31-8671B91ACC7B} = {65FC34EE-B79C-44AE-89F5-151558695057}
		{2FFFDC9A-32F2-4A64-A98D-9106E2432FA3} = {65FC34EE-B79C-44AE-89F5-151558695057}
	EndGlobalSection
	GlobalSection(ExtensibilityGlobals) = postSolution
		SolutionGuid = {ED710FB2-493C-4743-9C21-F6C054E08867}
	EndGlobalSection
EndGlobal
